// !$*UTF8*$!
{
	archiveVersion = 1;
	classes = {
	};
	objectVersion = 46;
	objects = {

/* Begin PBXBuildFile section */
		3E003CD01BEE096B005955FD /* ItemLock.m in Sources */ = {isa = PBXBuildFile; fileRef = 3E003CCF1BEE096B005955FD /* ItemLock.m */; };
		4644C6051BEB28480016D58F /* main.m in Sources */ = {isa = PBXBuildFile; fileRef = 4644C6041BEB28480016D58F /* main.m */; };
		4644C60E1BEB29B10016D58F /* Item.m in Sources */ = {isa = PBXBuildFile; fileRef = 4644C60D1BEB29B10016D58F /* Item.m */; settings = {ASSET_TAGS = (); }; };
		4644C6151BEC14220016D58F /* ItemAtomic.m in Sources */ = {isa = PBXBuildFile; fileRef = 4644C6141BEC14220016D58F /* ItemAtomic.m */; settings = {ASSET_TAGS = (); }; };
		4644C6191BEC16810016D58F /* ItemSyncSelf.m in Sources */ = {isa = PBXBuildFile; fileRef = 4644C6181BEC16810016D58F /* ItemSyncSelf.m */; settings = {ASSET_TAGS = (); }; };
		4644C6291BEC291E0016D58F /* ItemAsyncSetter.m in Sources */ = {isa = PBXBuildFile; fileRef = 4644C6281BEC291E0016D58F /* ItemAsyncSetter.m */; settings = {ASSET_TAGS = (); }; };
		4644C62D1BEC29BF0016D58F /* ItemSyncQueue.m in Sources */ = {isa = PBXBuildFile; fileRef = 4644C62C1BEC29BF0016D58F /* ItemSyncQueue.m */; settings = {ASSET_TAGS = (); }; };
		4644C6311BEC2E690016D58F /* ItemBarrierAsyncSetter.m in Sources */ = {isa = PBXBuildFile; fileRef = 4644C6301BEC2E690016D58F /* ItemBarrierAsyncSetter.m */; settings = {ASSET_TAGS = (); }; };
/* End PBXBuildFile section */

/* Begin PBXCopyFilesBuildPhase section */
		4644C5FF1BEB28480016D58F /* CopyFiles */ = {
			isa = PBXCopyFilesBuildPhase;
			buildActionMask = 2147483647;
			dstPath = /usr/share/man/man1/;
			dstSubfolderSpec = 0;
			files = (
			);
			runOnlyForDeploymentPostprocessing = 1;
		};
/* End PBXCopyFilesBuildPhase section */

/* Begin PBXFileReference section */
		3E003CCE1BEE096B005955FD /* ItemLock.h */ = {isa = PBXFileReference; fileEncoding = 4; lastKnownFileType = sourcecode.c.h; path = ItemLock.h; sourceTree = "<group>"; };
		3E003CCF1BEE096B005955FD /* ItemLock.m */ = {isa = PBXFileReference; fileEncoding = 4; lastKnownFileType = sourcecode.c.objc; path = ItemLock.m; sourceTree = "<group>"; };
		4644C6011BEB28480016D58F /* ThreadSafeClassDesign */ = {isa = PBXFileReference; explicitFileType = "compiled.mach-o.executable"; includeInIndex = 0; path = ThreadSafeClassDesign; sourceTree = BUILT_PRODUCTS_DIR; };
		4644C6041BEB28480016D58F /* main.m */ = {isa = PBXFileReference; lastKnownFileType = sourcecode.c.objc; path = main.m; sourceTree = "<group>"; };
		4644C60C1BEB29B10016D58F /* Item.h */ = {isa = PBXFileReference; fileEncoding = 4; lastKnownFileType = sourcecode.c.h; path = Item.h; sourceTree = "<group>"; };
		4644C60D1BEB29B10016D58F /* Item.m */ = {isa = PBXFileReference; fileEncoding = 4; lastKnownFileType = sourcecode.c.objc; path = Item.m; sourceTree = "<group>"; };
		4644C6131BEC14220016D58F /* ItemAtomic.h */ = {isa = PBXFileReference; fileEncoding = 4; lastKnownFileType = sourcecode.c.h; path = ItemAtomic.h; sourceTree = "<group>"; };
		4644C6141BEC14220016D58F /* ItemAtomic.m */ = {isa = PBXFileReference; fileEncoding = 4; lastKnownFileType = sourcecode.c.objc; path = ItemAtomic.m; sourceTree = "<group>"; };
		4644C6171BEC16810016D58F /* ItemSyncSelf.h */ = {isa = PBXFileReference; fileEncoding = 4; lastKnownFileType = sourcecode.c.h; path = ItemSyncSelf.h; sourceTree = "<group>"; };
		4644C6181BEC16810016D58F /* ItemSyncSelf.m */ = {isa = PBXFileReference; fileEncoding = 4; lastKnownFileType = sourcecode.c.objc; path = ItemSyncSelf.m; sourceTree = "<group>"; };
		4644C61B1BEC1CC30016D58F /* ItemProtocol.h */ = {isa = PBXFileReference; fileEncoding = 4; lastKnownFileType = sourcecode.c.h; path = ItemProtocol.h; sourceTree = "<group>"; };
		4644C6271BEC291E0016D58F /* ItemAsyncSetter.h */ = {isa = PBXFileReference; fileEncoding = 4; lastKnownFileType = sourcecode.c.h; path = ItemAsyncSetter.h; sourceTree = "<group>"; };
		4644C6281BEC291E0016D58F /* ItemAsyncSetter.m */ = {isa = PBXFileReference; fileEncoding = 4; lastKnownFileType = sourcecode.c.objc; path = ItemAsyncSetter.m; sourceTree = "<group>"; };
		4644C62B1BEC29BF0016D58F /* ItemSyncQueue.h */ = {isa = PBXFileReference; fileEncoding = 4; lastKnownFileType = sourcecode.c.h; path = ItemSyncQueue.h; sourceTree = "<group>"; };
		4644C62C1BEC29BF0016D58F /* ItemSyncQueue.m */ = {isa = PBXFileReference; fileEncoding = 4; lastKnownFileType = sourcecode.c.objc; path = ItemSyncQueue.m; sourceTree = "<group>"; };
		4644C62F1BEC2E690016D58F /* ItemBarrierAsyncSetter.h */ = {isa = PBXFileReference; fileEncoding = 4; lastKnownFileType = sourcecode.c.h; path = ItemBarrierAsyncSetter.h; sourceTree = "<group>"; };
		4644C6301BEC2E690016D58F /* ItemBarrierAsyncSetter.m */ = {isa = PBXFileReference; fileEncoding = 4; lastKnownFileType = sourcecode.c.objc; path = ItemBarrierAsyncSetter.m; sourceTree = "<group>"; };
/* End PBXFileReference section */

/* Begin PBXFrameworksBuildPhase section */
		4644C5FE1BEB28480016D58F /* Frameworks */ = {
			isa = PBXFrameworksBuildPhase;
			buildActionMask = 2147483647;
			files = (
			);
			runOnlyForDeploymentPostprocessing = 0;
		};
/* End PBXFrameworksBuildPhase section */

/* Begin PBXGroup section */
		3E003CCD1BEE0889005955FD /* Scenario7 */ = {
			isa = PBXGroup;
			children = (
				3E003CCE1BEE096B005955FD /* ItemLock.h */,
				3E003CCF1BEE096B005955FD /* ItemLock.m */,
			);
			path = Scenario7;
			sourceTree = "<group>";
		};
		4644C5F81BEB28480016D58F = {
			isa = PBXGroup;
			children = (
				4644C6021BEB28480016D58F /* Products */,
				3E003CCD1BEE0889005955FD /* Scenario7 */,
				4644C60B1BEB29A20016D58F /* Scenario1 */,
				4644C6121BEC14100016D58F /* Scenario2 */,
				4644C6161BEC15B30016D58F /* Scenario3 */,
				4644C62A1BEC29AF0016D58F /* Scenario4 */,
				4644C6261BEC29050016D58F /* Scenario5 */,
				4644C62E1BEC2E440016D58F /* Scenario6 */,
				4644C6031BEB28480016D58F /* ThreadSafeClassDesign */,
			);
			sourceTree = "<group>";
		};
		4644C6021BEB28480016D58F /* Products */ = {
			isa = PBXGroup;
			children = (
				4644C6011BEB28480016D58F /* ThreadSafeClassDesign */,
			);
			name = Products;
			sourceTree = "<group>";
		};
		4644C6031BEB28480016D58F /* ThreadSafeClassDesign */ = {
			isa = PBXGroup;
			children = (
				4644C6041BEB28480016D58F /* main.m */,
				4644C61B1BEC1CC30016D58F /* ItemProtocol.h */,
			);
			path = ThreadSafeClassDesign;
			sourceTree = "<group>";
		};
		4644C60B1BEB29A20016D58F /* Scenario1 */ = {
			isa = PBXGroup;
			children = (
				4644C60C1BEB29B10016D58F /* Item.h */,
				4644C60D1BEB29B10016D58F /* Item.m */,
			);
			path = Scenario1;
			sourceTree = "<group>";
		};
		4644C6121BEC14100016D58F /* Scenario2 */ = {
			isa = PBXGroup;
			children = (
				4644C6131BEC14220016D58F /* ItemAtomic.h */,
				4644C6141BEC14220016D58F /* ItemAtomic.m */,
			);
			path = Scenario2;
			sourceTree = "<group>";
		};
		4644C6161BEC15B30016D58F /* Scenario3 */ = {
			isa = PBXGroup;
			children = (
				4644C6171BEC16810016D58F /* ItemSyncSelf.h */,
				4644C6181BEC16810016D58F /* ItemSyncSelf.m */,
			);
			path = Scenario3;
			sourceTree = "<group>";
		};
		4644C6261BEC29050016D58F /* Scenario5 */ = {
			isa = PBXGroup;
			children = (
				4644C6271BEC291E0016D58F /* ItemAsyncSetter.h */,
				4644C6281BEC291E0016D58F /* ItemAsyncSetter.m */,
			);
			path = Scenario5;
			sourceTree = "<group>";
		};
		4644C62A1BEC29AF0016D58F /* Scenario4 */ = {
			isa = PBXGroup;
			children = (
				4644C62B1BEC29BF0016D58F /* ItemSyncQueue.h */,
				4644C62C1BEC29BF0016D58F /* ItemSyncQueue.m */,
			);
			path = Scenario4;
			sourceTree = "<group>";
		};
		4644C62E1BEC2E440016D58F /* Scenario6 */ = {
			isa = PBXGroup;
			children = (
				4644C62F1BEC2E690016D58F /* ItemBarrierAsyncSetter.h */,
				4644C6301BEC2E690016D58F /* ItemBarrierAsyncSetter.m */,
			);
			path = Scenario6;
			sourceTree = "<group>";
		};
/* End PBXGroup section */

/* Begin PBXNativeTarget section */
		4644C6001BEB28480016D58F /* ThreadSafeClassDesign */ = {
			isa = PBXNativeTarget;
			buildConfigurationList = 4644C6081BEB28480016D58F /* Build configuration list for PBXNativeTarget "ThreadSafeClassDesign" */;
			buildPhases = (
				4644C5FD1BEB28480016D58F /* Sources */,
				4644C5FE1BEB28480016D58F /* Frameworks */,
				4644C5FF1BEB28480016D58F /* CopyFiles */,
			);
			buildRules = (
			);
			dependencies = (
			);
			name = ThreadSafeClassDesign;
			productName = ThreadSafeClassDesign;
			productReference = 4644C6011BEB28480016D58F /* ThreadSafeClassDesign */;
			productType = "com.apple.product-type.tool";
		};
/* End PBXNativeTarget section */

/* Begin PBXProject section */
		4644C5F91BEB28480016D58F /* Project object */ = {
			isa = PBXProject;
			attributes = {
				LastUpgradeCheck = 0700;
				ORGANIZATIONNAME = jiakai;
				TargetAttributes = {
					4644C6001BEB28480016D58F = {
						CreatedOnToolsVersion = 7.0.1;
					};
				};
			};
			buildConfigurationList = 4644C5FC1BEB28480016D58F /* Build configuration list for PBXProject "ThreadSafeClassDesign" */;
			compatibilityVersion = "Xcode 3.2";
			developmentRegion = English;
			hasScannedForEncodings = 0;
			knownRegions = (
				en,
			);
			mainGroup = 4644C5F81BEB28480016D58F;
			productRefGroup = 4644C6021BEB28480016D58F /* Products */;
			projectDirPath = "";
			projectRoot = "";
			targets = (
				4644C6001BEB28480016D58F /* ThreadSafeClassDesign */,
			);
		};
/* End PBXProject section */

/* Begin PBXSourcesBuildPhase section */
		4644C5FD1BEB28480016D58F /* Sources */ = {
			isa = PBXSourcesBuildPhase;
			buildActionMask = 2147483647;
			files = (
				4644C6191BEC16810016D58F /* ItemSyncSelf.m in Sources */,
				4644C60E1BEB29B10016D58F /* Item.m in Sources */,
				4644C6291BEC291E0016D58F /* ItemAsyncSetter.m in Sources */,
				4644C6051BEB28480016D58F /* main.m in Sources */,
				4644C6151BEC14220016D58F /* ItemAtomic.m in Sources */,
				3E003CD01BEE096B005955FD /* ItemLock.m in Sources */,
				4644C6311BEC2E690016D58F /* ItemBarrierAsyncSetter.m in Sources */,
				4644C62D1BEC29BF0016D58F /* ItemSyncQueue.m in Sources */,
			);
			runOnlyForDeploymentPostprocessing = 0;
		};
/* End PBXSourcesBuildPhase section */

/* Begin XCBuildConfiguration section */
		4644C6061BEB28480016D58F /* Debug */ = {
			isa = XCBuildConfiguration;
			buildSettings = {
				ALWAYS_SEARCH_USER_PATHS = NO;
				CLANG_CXX_LANGUAGE_STANDARD = "gnu++0x";
				CLANG_CXX_LIBRARY = "libc++";
				CLANG_ENABLE_MODULES = YES;
				CLANG_ENABLE_OBJC_ARC = YES;
				CLANG_WARN_BOOL_CONVERSION = YES;
				CLANG_WARN_CONSTANT_CONVERSION = YES;
				CLANG_WARN_DIRECT_OBJC_ISA_USAGE = YES_ERROR;
				CLANG_WARN_EMPTY_BODY = YES;
				CLANG_WARN_ENUM_CONVERSION = YES;
				CLANG_WARN_INT_CONVERSION = YES;
				CLANG_WARN_OBJC_ROOT_CLASS = YES_ERROR;
				CLANG_WARN_UNREACHABLE_CODE = YES;
				CLANG_WARN__DUPLICATE_METHOD_MATCH = YES;
				COPY_PHASE_STRIP = NO;
				DEBUG_INFORMATION_FORMAT = dwarf;
				ENABLE_STRICT_OBJC_MSGSEND = YES;
				ENABLE_TESTABILITY = YES;
				GCC_C_LANGUAGE_STANDARD = gnu99;
				GCC_DYNAMIC_NO_PIC = NO;
				GCC_NO_COMMON_BLOCKS = YES;
				GCC_OPTIMIZATION_LEVEL = 0;
				GCC_PREPROCESSOR_DEFINITIONS = (
					"DEBUG=1",
					"$(inherited)",
				);
				GCC_WARN_64_TO_32_BIT_CONVERSION = YES;
				GCC_WARN_ABOUT_RETURN_TYPE = YES_ERROR;
				GCC_WARN_UNDECLARED_SELECTOR = YES;
				GCC_WARN_UNINITIALIZED_AUTOS = YES_AGGRESSIVE;
				GCC_WARN_UNUSED_FUNCTION = YES;
				GCC_WARN_UNUSED_VARIABLE = YES;
				MACOSX_DEPLOYMENT_TARGET = 10.6;
				MTL_ENABLE_DEBUG_INFO = YES;
				ONLY_ACTIVE_ARCH = YES;
				SDKROOT = macosx;
			};
			name = Debug;
		};
		4644C6071BEB28480016D58F /* Release */ = {
			isa = XCBuildConfiguration;
			buildSettings = {
				ALWAYS_SEARCH_USER_PATHS = NO;
				CLANG_CXX_LANGUAGE_STANDARD = "gnu++0x";
				CLANG_CXX_LIBRARY = "libc++";
				CLANG_ENABLE_MODULES = YES;
				CLANG_ENABLE_OBJC_ARC = YES;
				CLANG_WARN_BOOL_CONVERSION = YES;
				CLANG_WARN_CONSTANT_CONVERSION = YES;
				CLANG_WARN_DIRECT_OBJC_ISA_USAGE = YES_ERROR;
				CLANG_WARN_EMPTY_BODY = YES;
				CLANG_WARN_ENUM_CONVERSION = YES;
				CLANG_WARN_INT_CONVERSION = YES;
				CLANG_WARN_OBJC_ROOT_CLASS = YES_ERROR;
				CLANG_WARN_UNREACHABLE_CODE = YES;
				CLANG_WARN__DUPLICATE_METHOD_MATCH = YES;
				COPY_PHASE_STRIP = NO;
				DEBUG_INFORMATION_FORMAT = "dwarf-with-dsym";
				ENABLE_NS_ASSERTIONS = NO;
				ENABLE_STRICT_OBJC_MSGSEND = YES;
				GCC_C_LANGUAGE_STANDARD = gnu99;
				GCC_NO_COMMON_BLOCKS = YES;
				GCC_WARN_64_TO_32_BIT_CONVERSION = YES;
				GCC_WARN_ABOUT_RETURN_TYPE = YES_ERROR;
				GCC_WARN_UNDECLARED_SELECTOR = YES;
				GCC_WARN_UNINITIALIZED_AUTOS = YES_AGGRESSIVE;
				GCC_WARN_UNUSED_FUNCTION = YES;
				GCC_WARN_UNUSED_VARIABLE = YES;
				MACOSX_DEPLOYMENT_TARGET = 10.6;
				MTL_ENABLE_DEBUG_INFO = NO;
				SDKROOT = macosx;
			};
			name = Release;
		};
		4644C6091BEB28480016D58F /* Debug */ = {
			isa = XCBuildConfiguration;
			buildSettings = {
				PRODUCT_NAME = "$(TARGET_NAME)";
			};
			name = Debug;
		};
		4644C60A1BEB28480016D58F /* Release */ = {
			isa = XCBuildConfiguration;
			buildSettings = {
				PRODUCT_NAME = "$(TARGET_NAME)";
			};
			name = Release;
		};
/* End XCBuildConfiguration section */

/* Begin XCConfigurationList section */
		4644C5FC1BEB28480016D58F /* Build configuration list for PBXProject "ThreadSafeClassDesign" */ = {
			isa = XCConfigurationList;
			buildConfigurations = (
				4644C6061BEB28480016D58F /* Debug */,
				4644C6071BEB28480016D58F /* Release */,
			);
			defaultConfigurationIsVisible = 0;
			defaultConfigurationName = Release;
		};
		4644C6081BEB28480016D58F /* Build configuration list for PBXNativeTarget "ThreadSafeClassDesign" */ = {
			isa = XCConfigurationList;
			buildConfigurations = (
				4644C6091BEB28480016D58F /* Debug */,
				4644C60A1BEB28480016D58F /* Release */,
			);
			defaultConfigurationIsVisible = 0;
			defaultConfigurationName = Release;
		};
/* End XCConfigurationList section */
	};
	rootObject = 4644C5F91BEB28480016D58F /* Project object */;
}
